
Microsoft Visual Studio Solution File, Format Version 12.00
# Visual Studio Version 17
VisualStudioVersion = 17.10.35004.147
MinimumVisualStudioVersion = 10.0.40219.1
Project("{8BC9CEB8-8B4A-11D0-8D11-00A0C91BC942}") = "Exercise10", "Exercise10\Exercise10.vcxproj", "{A2463648-02EA-41E7-982F-DCB1EC952914}"
EndProject
Global
	GlobalSection(SolutionConfigurationPlatforms) = preSolution
		Debug|x64 = Debug|x64
		Debug|x86 = Debug|x86
		Release|x64 = Release|x64
		Release|x86 = Release|x86
	EndGlobalSection
	GlobalSection(ProjectConfigurationPlatforms) = postSolution
		{A2463648-02EA-41E7-982F-DCB1EC952914}.Debug|x64.ActiveCfg = Debug|x64
		{A2463648-02EA-41E7-982F-DCB1EC952914}.Debug|x64.Build.0 = Debug|x64
		{A2463648-02EA-41E7-982F-DCB1EC952914}.Debug|x86.ActiveCfg = Debug|Win32
		{A2463648-02EA-41E7-982F-DCB1EC952914}.Debug|x86.Build.0 = Debug|Win32
		{A2463648-02EA-41E7-982F-DCB1EC952914}.Release|x64.ActiveCfg = Release|x64
		{A2463648-02EA-41E7-982F-DCB1EC952914}.Release|x64.Build.0 = Release|x64
		{A2463648-02EA-41E7-982F-DCB1EC952914}.Release|x86.ActiveCfg = Release|Win32
		{A2463648-02EA-41E7-982F-DCB1EC952914}.Release|x86.Build.0 = Release|Win32
	EndGlobalSection
	GlobalSection(SolutionProperties) = preSolution
		HideSolutionNode = FALSE
	EndGlobalSection
	GlobalSection(ExtensibilityGlobals) = postSolution
		SolutionGuid = {3F101DF7-EE50-4CAF-8CCA-3E6D099BD7F5}
	EndGlobalSection
EndGlobal
