
Microsoft Visual Studio Solution File, Format Version 12.00
# Visual Studio Version 17
VisualStudioVersion = 17.9.34902.65
MinimumVisualStudioVersion = 10.0.40219.1
Project("{8BC9CEB8-8B4A-11D0-8D11-00A0C91BC942}") = "Exercise07", "Exercise07\Exercise07.vcxproj", "{0C70ADC7-09B3-4FA2-918B-2F922A277625}"
EndProject
Global
	GlobalSection(SolutionConfigurationPlatforms) = preSolution
		Debug|x64 = Debug|x64
		Debug|x86 = Debug|x86
		Release|x64 = Release|x64
		Release|x86 = Release|x86
	EndGlobalSection
	GlobalSection(ProjectConfigurationPlatforms) = postSolution
		{0C70ADC7-09B3-4FA2-918B-2F922A277625}.Debug|x64.ActiveCfg = Debug|x64
		{0C70ADC7-09B3-4FA2-918B-2F922A277625}.Debug|x64.Build.0 = Debug|x64
		{0C70ADC7-09B3-4FA2-918B-2F922A277625}.Debug|x86.ActiveCfg = Debug|Win32
		{0C70ADC7-09B3-4FA2-918B-2F922A277625}.Debug|x86.Build.0 = Debug|Win32
		{0C70ADC7-09B3-4FA2-918B-2F922A277625}.Release|x64.ActiveCfg = Release|x64
		{0C70ADC7-09B3-4FA2-918B-2F922A277625}.Release|x64.Build.0 = Release|x64
		{0C70ADC7-09B3-4FA2-918B-2F922A277625}.Release|x86.ActiveCfg = Release|Win32
		{0C70ADC7-09B3-4FA2-918B-2F922A277625}.Release|x86.Build.0 = Release|Win32
	EndGlobalSection
	GlobalSection(SolutionProperties) = preSolution
		HideSolutionNode = FALSE
	EndGlobalSection
	GlobalSection(ExtensibilityGlobals) = postSolution
		SolutionGuid = {79BAF519-4716-4872-883B-5CBE31657D7D}
	EndGlobalSection
EndGlobal
