
Microsoft Visual Studio Solution File, Format Version 12.00
# Visual Studio Version 17
VisualStudioVersion = 17.9.34902.65
MinimumVisualStudioVersion = 10.0.40219.1
Project("{8BC9CEB8-8B4A-11D0-8D11-00A0C91BC942}") = "Exercise01", "Exercise01\Exercise01.vcxproj", "{90060155-F291-44ED-A552-3D3CCA5F125B}"
EndProject
Global
	GlobalSection(SolutionConfigurationPlatforms) = preSolution
		Debug|x64 = Debug|x64
		Debug|x86 = Debug|x86
		Release|x64 = Release|x64
		Release|x86 = Release|x86
	EndGlobalSection
	GlobalSection(ProjectConfigurationPlatforms) = postSolution
		{90060155-F291-44ED-A552-3D3CCA5F125B}.Debug|x64.ActiveCfg = Debug|x64
		{90060155-F291-44ED-A552-3D3CCA5F125B}.Debug|x64.Build.0 = Debug|x64
		{90060155-F291-44ED-A552-3D3CCA5F125B}.Debug|x86.ActiveCfg = Debug|Win32
		{90060155-F291-44ED-A552-3D3CCA5F125B}.Debug|x86.Build.0 = Debug|Win32
		{90060155-F291-44ED-A552-3D3CCA5F125B}.Release|x64.ActiveCfg = Release|x64
		{90060155-F291-44ED-A552-3D3CCA5F125B}.Release|x64.Build.0 = Release|x64
		{90060155-F291-44ED-A552-3D3CCA5F125B}.Release|x86.ActiveCfg = Release|Win32
		{90060155-F291-44ED-A552-3D3CCA5F125B}.Release|x86.Build.0 = Release|Win32
	EndGlobalSection
	GlobalSection(SolutionProperties) = preSolution
		HideSolutionNode = FALSE
	EndGlobalSection
	GlobalSection(ExtensibilityGlobals) = postSolution
		SolutionGuid = {B31C2EA5-A957-46C0-87EE-306257D4F8E3}
	EndGlobalSection
EndGlobal
